
Microsoft Visual Studio Solution File, Format Version 12.00
# Visual Studio Version 17
VisualStudioVersion = 17.8.34330.188
MinimumVisualStudioVersion = 10.0.40219.1
Project("{FAE04EC0-301F-11D3-BF4B-00C04F79EFBC}") = "TetrisAI", "TetrisAI\TetrisAI.csproj", "{8A0AB884-1AB0-452B-B6F0-336576300997}"
EndProject
Global
	GlobalSection(SolutionConfigurationPlatforms) = preSolution
		Debug|Any CPU = Debug|Any CPU
		Release|Any CPU = Release|Any CPU
	EndGlobalSection
	GlobalSection(ProjectConfigurationPlatforms) = postSolution
		{8A0AB884-1AB0-452B-B6F0-336576300997}.Debug|Any CPU.ActiveCfg = Debug|Any CPU
		{8A0AB884-1AB0-452B-B6F0-336576300997}.Debug|Any CPU.Build.0 = Debug|Any CPU
		{8A0AB884-1AB0-452B-B6F0-336576300997}.Release|Any CPU.ActiveCfg = Release|Any CPU
		{8A0AB884-1AB0-452B-B6F0-336576300997}.Release|Any CPU.Build.0 = Release|Any CPU
	EndGlobalSection
	GlobalSection(SolutionProperties) = preSolution
		HideSolutionNode = FALSE
	EndGlobalSection
	GlobalSection(ExtensibilityGlobals) = postSolution
		SolutionGuid = {19238E9D-3949-4291-AA6F-58115A9CA926}
	EndGlobalSection
EndGlobal
